
Microsoft Visual Studio Solution File, Format Version 12.00
# Visual Studio Version 17
VisualStudioVersion = 17.5.33530.505
MinimumVisualStudioVersion = 10.0.40219.1
Project("{FAE04EC0-301F-11D3-BF4B-00C04F79EFBC}") = "MyFirstConsoleApplication", "MyFirstConsoleApplication.csproj", "{61E9A4E9-F64D-4DD7-9201-9A53DFB81354}"
EndProject
Global
	GlobalSection(SolutionConfigurationPlatforms) = preSolution
		Debug|Any CPU = Debug|Any CPU
		Release|Any CPU = Release|Any CPU
	EndGlobalSection
	GlobalSection(ProjectConfigurationPlatforms) = postSolution
		{61E9A4E9-F64D-4DD7-9201-9A53DFB81354}.Debug|Any CPU.ActiveCfg = Debug|Any CPU
		{61E9A4E9-F64D-4DD7-9201-9A53DFB81354}.Debug|Any CPU.Build.0 = Debug|Any CPU
		{61E9A4E9-F64D-4DD7-9201-9A53DFB81354}.Release|Any CPU.ActiveCfg = Release|Any CPU
		{61E9A4E9-F64D-4DD7-9201-9A53DFB81354}.Release|Any CPU.Build.0 = Release|Any CPU
	EndGlobalSection
	GlobalSection(SolutionProperties) = preSolution
		HideSolutionNode = FALSE
	EndGlobalSection
	GlobalSection(ExtensibilityGlobals) = postSolution
		SolutionGuid = {4F3EDCC4-E503-411E-A886-F4D47501D7EA}
	EndGlobalSection
EndGlobal
